github.com/PuerkitoBio/purell v0.0.0-20170829232023-f619812e3caf h1:ePmEKucT6HqNzbxw/yeyfoHplmyGDQUW76ppv4igW7Q=
github.com/PuerkitoBio/purell v0.0.0-20170829232023-f619812e3caf/go.mod h1:c11w/QuzBsJSee3cPx9rAFu61PvFxuPbtSwDGJws/X0=
github.com/PuerkitoBio/urlesc v0.0.0-20170810143723-de5bf2ad4578 h1:d+Bc7a5rLufV/sSk/8dngufqelfh6jnri85riMAaF/M=
github.com/PuerkitoBio/urlesc v0.0.0-20170810143723-de5bf2ad4578/go.mod h1:uGdkoq3SwY9Y+13GIhn11/XLaGBb4BfwItxLd5jeuXE=
github.com/asaskevich/govalidator v0.0.0-20170903095215-73945b6115bf h1:wXq5VXJjLole37O6oWZwqBRbKZw6VmC+wuAe8j/w2ZA=
github.com/asaskevich/govalidator v0.0.0-20170903095215-73945b6115bf/go.mod h1:lB+ZfQJz7igIIfQNfa7Ml4HSf2uFQQRzpGGRXenZAgY=
github.com/cpuguy83/go-md2man v1.0.7 h1:DVS0EPFHUiaJSaX2EKlaf65HUmk9PXhOl/Xa3Go242Q=
github.com/cpuguy83/go-md2man v1.0.7/go.mod h1:N6JayAiVKtlHSnuTCeuLSQVs75hb8q+dYQLjr7cDsKY=
github.com/davecgh/go-spew v0.0.0-20180830191138-d8f796af33cc h1:yjqBI4w+3eJOAftNV/wJMd1dlOBQwHZWQYrnJpYpoBg=
github.com/davecgh/go-spew v0.0.0-20180830191138-d8f796af33cc/go.mod h1:J7Y8YcW2NihsgmVo/mv3lAwl/skON4iLHjSsI+c5H38=
github.com/fsnotify/fsnotify v1.4.7 h1:IXs+QLmnXW2CcXuY+8Mzv/fWEsPGWxqefPtCP5CnV9I=
github.com/fsnotify/fsnotify v1.4.7/go.mod h1:jwhsz4b93w/PPRr/qN1Yymfu8t87LnFCMoQvtojpjFo=
github.com/go-check/check v0.0.0-20161208181325-20d25e280405 h1:0kdUKH22y+PT7ZITTEcrrHsQfGmpi4fj0XGyoDe/krQ=
github.com/go-check/check v0.0.0-20161208181325-20d25e280405/go.mod h1:9ES+weclKsC9YodN5RgxqK/VD9HM9JsCSh7rNhMZE98=
github.com/go-openapi/analysis v0.0.0-20170813233457-8ed83f2ea9f0 h1:mOiQJ4b70+jOICcb5C6DHYMBBMZyoM9FzOVJpSHXAz8=
github.com/go-openapi/analysis v0.0.0-20170813233457-8ed83f2ea9f0/go.mod h1:k70tL6pCuVxPJOHXQ+wIac1FUrvNkHolPie/cLEU6hI=
github.com/go-openapi/errors v0.0.0-20170426151106-03cfca65330d h1:UuQ3A+LxnsFQQO0vAFQb7QadKRPJgq4PvOh2aeETYzs=
github.com/go-openapi/errors v0.0.0-20170426151106-03cfca65330d/go.mod h1:La0D2x9HoXenv7MDEiAv6vWoe84CXFo0PQRk/jdQlww=
github.com/go-openapi/jsonpointer v0.0.0-20170102174223-779f45308c19 h1:UmnefiS/Yrdfl15NXUA9T51lyQf72tCvWHfOiRLd1+g=
github.com/go-openapi/jsonpointer v0.0.0-20170102174223-779f45308c19/go.mod h1:+35s3my2LFTysnkMfxsJBAMHj/DoqoB9knIWoYG/Vk0=
github.com/go-openapi/jsonreference v0.0.0-20161105162150-36d33bfe519e h1:gbNUNGpVJLxaXBxI7iCHZdg3PwgLOJ9lPQGVINRrC9E=
github.com/go-openapi/jsonreference v0.0.0-20161105162150-36d33bfe519e/go.mod h1:W3Z9FmVs9qj+KR4zFKmDPGiLdk1D9Rlm7cyMvf57TTg=
github.com/go-openapi/loads v0.0.0-20170520182102-a80dea3052f0 h1:hQ+g9KGJTxSzAbocTc8g7JQ5YKxwVtm88mrFFi3KFM0=
github.com/go-openapi/loads v0.0.0-20170520182102-a80dea3052f0/go.mod h1:5qFWh9T8iTbMizjsoC/EHEN3onRy+cfNRw/wV1iX1Og=
github.com/go-openapi/runtime v0.0.0-20170901133030-bf2ff8f71507 h1:3O6ZxJ3kV/XnAbTK6rEySxfm9S64Qtj/3FhbVcRSecY=
github.com/go-openapi/runtime v0.0.0-20170901133030-bf2ff8f71507/go.mod h1:6v9a6LTXWQCdL8k1AO3cvqx5OtZY/Y9wKTgaoP6YRfA=
github.com/go-openapi/spec v0.0.0-20170811033243-3faa0055dbbf h1:eagMOzNfFDq6kCDRoziYfXvmLfiZ400b6/TbvdaJCVU=
github.com/go-openapi/spec v0.0.0-20170811033243-3faa0055dbbf/go.mod h1:J8+jY1nAiCcj+friV/PDoE1/3eeccG9LYBs0tYvLOWc=
github.com/go-openapi/strfmt v0.0.0-20171222154016-4dd3d302e100 h1:SXPvow29ytonIo34aKfiqrP8Zoywm5aGKXmxItKLmWI=
github.com/go-openapi/strfmt v0.0.0-20171222154016-4dd3d302e100/go.mod h1:/bCWipNKhC9QMhD8HRe2EGbU8G0D4Yvh0G6X4k1Xwvg=
github.com/go-openapi/swag v0.0.0-20170606142751-f3f9494671f9 h1:4Zsyv/tIS5V+22fc4X0ApWuYL+O+0v75qX1R9rpua9U=
github.com/go-openapi/swag v0.0.0-20170606142751-f3f9494671f9/go.mod h1:DXUve3Dpr1UfpPtxFw+EFuQ41HhCWZfha5jSVRG7C7I=
github.com/go-openapi/validate v0.0.0-20170705144413-8a82927c942c h1:+cB2AzkH5ansXyfJT+M4BH9zpRz3hNuvbtMpCwbV7ys=
github.com/go-openapi/validate v0.0.0-20170705144413-8a82927c942c/go.mod h1:ve8xoSHgqBUifiKgaVbxLmOE0ckvH0oXfsJcnm6SIz0=
github.com/golang/protobuf v1.2.0 h1:P3YflyNX/ehuJFLhxviNdFxQPkGK5cDcApsge1SqnvM=
github.com/golang/protobuf v1.2.0/go.mod h1:6lQm79b+lXiMfvg/cZm0SGofjICqVBUtrP5yJMmIC1U=
github.com/gorilla/context v1.1.1 h1:AWwleXJkX/nhcU9bZSnZoi3h/qGYqQAGhq6zZe/aQW8=
github.com/gorilla/context v1.1.1/go.mod h1:kBGZzfjB9CEq2AlWe17Uuf7NDRt0dE0s8S51q0aT7Yg=
github.com/gorilla/mux v1.5.0 h1:mq8bRov+5x+pZNR/uAHyUEgovR9gLgYFwDQIeuYi9TM=
github.com/gorilla/mux v1.5.0/go.mod h1:1lud6UwP+6orDFRuTfBEV8e9/aOM/c4fVVCaMa2zaAs=
github.com/hpcloud/tail v1.0.0 h1:nfCOvKYfkgYP8hkirhJocXT2+zOD8yUNjXaWfTlyFKI=
github.com/hpcloud/tail v1.0.0/go.mod h1:ab1qPbhIpdTxEkNHXyeSf5vhxWSCs/tWer42PpOxQnU=
github.com/inconshreveable/mousetrap v1.0.0 h1:Z8tu5sraLXCXIcARxBp/8cbvlwVa7Z1NHg9XEKhtSvM=
github.com/inconshreveable/mousetrap v1.0.0/go.mod h1:PxqpIevigyE2G7u3NXJIT2ANytuPF1OarO4DADm73n8=
github.com/klauspost/compress v1.4.0 h1:8nsMz3tWa9SWWPL60G1V6CUsf4lLjWLTNEtibhe8gh8=
github.com/klauspost/compress v1.4.0/go.mod h1:RyIbtBH6LamlWaDj8nUwkbUhJ87Yi3uG0guNDohfE1A=
github.com/klauspost/cpuid v1.2.0 h1:NMpwD2G9JSFOE1/TJjGSo5zG7Yb2bTe7eq1jH+irmeE=
github.com/klauspost/cpuid v1.2.0/go.mod h1:Pj4uuM528wm8OyEC2QMXAi2YiTZ96dNQPGgoMS4s3ek=
github.com/mailru/easyjson v0.0.0-20170902151237-2a92e673c9a6 h1:xhfqLjTK1g6iq92WjkfuaN6bC7Aoxb5//G8IfwyMyYA=
github.com/mailru/easyjson v0.0.0-20170902151237-2a92e673c9a6/go.mod h1:C1wdFJiN94OJF2b5HbByQZoLdCWB1Yqtg26g4irojpc=
github.com/mitchellh/mapstructure v0.0.0-20170523030023-d0303fe80992 h1:W7VHAEVflA5/eTyRvQ53Lz5j8bhRd1myHZlI/IZFvbU=
github.com/mitchellh/mapstructure v0.0.0-20170523030023-d0303fe80992/go.mod h1:FVVH3fgwuzCH5S8UJGiWEs2h04kUh9fWfEaFds41c1Y=
github.com/onsi/ginkgo v1.6.0/go.mod h1:lLunBs/Ym6LB5Z9jYTR76FiuTmxDTDusOGeTQH+WWjE=
github.com/onsi/ginkgo v1.8.0 h1:VkHVNpR4iVnU8XQR6DBm8BqYjN7CRzw+xKUbVVbbW9w=
github.com/onsi/ginkgo v1.8.0/go.mod h1:lLunBs/Ym6LB5Z9jYTR76FiuTmxDTDusOGeTQH+WWjE=
github.com/onsi/gomega v1.5.0 h1:izbySO9zDPmjJ8rDjLvkA2zJHIo+HkYXHnf7eN7SSyo=
github.com/onsi/gomega v1.5.0/go.mod h1:ex+gbHU/CVuBBDIJjb2X0qEXbFg53c61hWP/1CpauHY=
github.com/pborman/uuid v0.0.0-20180122190007-c65b2f87fee3 h1:9J0mOv1rXIBlRjQCiAGyx9C3dZZh5uIa3HU0oTV8v1E=
github.com/pborman/uuid v0.0.0-20180122190007-c65b2f87fee3/go.mod h1:VyrYX9gd7irzKovcSS6BIIEwPRkP2Wm2m9ufcdFSJ34=
github.com/pkg/errors v0.0.0-20190109061628-ffb6e22f0193 h1:G+3hOJb+jr4ruKVe4WWvC0wXvPmVuKyb/tTlOyjAisU=
github.com/pkg/errors v0.0.0-20190109061628-ffb6e22f0193/go.mod h1:bwawxfHBFNV+L2hUp1rHADufV3IMtnDRdf1r5NINEl0=
github.com/pmezard/go-difflib v1.0.0 h1:4DBwDE0NGyQoBHbLQYPwSUPoCMWR5BEzIk/f1lZbAQM=
github.com/pmezard/go-difflib v1.0.0/go.mod h1:iKH77koFhYxTK1pcRnkKkqfTogsbg7gZNVY4sRDYZ/4=
github.com/russross/blackfriday v0.0.0-20171011182219-6d1ef893fcb0 h1:hgS5QyP981zzGr3UYaoHb5+fpgK1lHleAOq5znvfJxU=
github.com/russross/blackfriday v0.0.0-20171011182219-6d1ef893fcb0/go.mod h1:JO/DiYxRf+HjHt06OyowR9PTA263kcR/rfWxYHBV53g=
github.com/sirupsen/logrus v0.0.0-20180712201618-92052687f8ec h1:5CSwqOHHmdbXJTu4BsYtAaBckHKQzanNv8QRpuPJ8tw=
github.com/sirupsen/logrus v0.0.0-20180712201618-92052687f8ec/go.mod h1:pMByvHTf9Beacp5x1UXfOR9xyW/9antXMhjMPG0dEzc=
github.com/spf13/cobra v0.0.0-20181021141114-fe5e611709b0 h1:BgSbPgT2Zu8hDen1jJDGLWO8voaSRVrwsk18Q/uSh5M=
github.com/spf13/cobra v0.0.0-20181021141114-fe5e611709b0/go.mod h1:1l0Ry5zgKvJasoi3XT1TypsSe7PqH0Sj9dhYf7v3XqQ=
github.com/spf13/pflag v0.0.0-20180601132542-3ebe029320b2 h1:OAuq3yHhRwcm/kwCSAqf07pUm/EcLZYNz1ket+Bm0SI=
github.com/spf13/pflag v0.0.0-20180601132542-3ebe029320b2/go.mod h1:DYY7MBk1bdzusC3SYhjObp+wFpr4gzcvqqNjLnInEg4=
github.com/stretchr/testify v0.0.0-20181211170617-199de5f3a493 h1:eQeN+rIGSb/qrn578RNRPrz1X1rYwLmlf2oEElOcLak=
github.com/stretchr/testify v0.0.0-20181211170617-199de5f3a493/go.mod h1:a8OnRcib4nhh0OaRAV+Yts87kKdq0PP7pXfy6kDkUVs=
github.com/valyala/bytebufferpool v1.0.0 h1:GqA5TC/0021Y/b9FG4Oi9Mr3q7XYx6KllzawFIhcdPw=
github.com/valyala/bytebufferpool v1.0.0/go.mod h1:6bBcMArwyJ5K/AmCkWv1jt77kVWyCJ6HpOuEn7z0Csc=
github.com/valyala/fasthttp v0.0.0-20171207120941-e5f51c11919d h1:pAXG0woN37FQD08beB53orVchWU97qUUdjKtSuMGqi4=
github.com/valyala/fasthttp v0.0.0-20171207120941-e5f51c11919d/go.mod h1:+g/po7GqyG5E+1CNgquiIxJnsXEi5vwFn5weFujbO78=
github.com/willf/bitset v0.0.0-20190228212526-18bd95f470f9 h1:WXBMTckrTcndPgRZBAEjqev+eN8MI9wbUQQUHlrUEV4=
github.com/willf/bitset v0.0.0-20190228212526-18bd95f470f9/go.mod h1:RjeCKbqT1RxIR/KWY6phxZiaY1IyutSBfGjNPySAYV4=
golang.org/x/crypto v0.0.0-20180621125126-a49355c7e3f8 h1:h7zdf0RiEvWbYBKIx4b+q41xoUVnMmvsGZnIVE5syG8=
golang.org/x/crypto v0.0.0-20180621125126-a49355c7e3f8/go.mod h1:6SG95UA2DQfeDnfUPMdvaQW0Q7yPrPDi9nlGo2tz2b4=
golang.org/x/net v0.0.0-20180906233101-161cd47e91fd h1:nTDtHvHSdCn1m6ITfMRqtOd/9+7a3s8RBNOZ3eYZzJA=
golang.org/x/net v0.0.0-20180906233101-161cd47e91fd/go.mod h1:mL1N/T3taQHkDXs73rZJwtUhF3w3ftmwwsq0BUmARs4=
golang.org/x/sync v0.0.0-20180314180146-1d60e4601c6f h1:wMNYb4v58l5UBM7MYRLPG6ZhfOqbKu7X5eyFl8ZhKvA=
golang.org/x/sync v0.0.0-20180314180146-1d60e4601c6f/go.mod h1:RxMgew5VJxzue5/jJTE5uejpjVlOe/izrB70Jof72aM=
golang.org/x/sys v0.0.0-20180909124046-d0be0721c37e h1:o3PsSEY8E4eXWkXrIP9YJALUkVZqzHJT5DOasTyn8Vs=
golang.org/x/sys v0.0.0-20180909124046-d0be0721c37e/go.mod h1:STP8DvDyc/dI5b8T5hshtkjS+E42TnysNCUPdjciGhY=
golang.org/x/text v0.3.0 h1:g61tztE5qeGQ89tm6NTjjM9VPIm088od1l6aSorWRWg=
golang.org/x/text v0.3.0/go.mod h1:NqM8EUOU14njkJ3fqMW+pc6Ldnwhi/IjpwHt7yyuwOQ=
gopkg.in/airbrake/gobrake.v2 v2.0.9 h1:7z2uVWwn7oVeeugY1DtlPAy5H+KYgB1KeKTnqjNatLo=
gopkg.in/airbrake/gobrake.v2 v2.0.9/go.mod h1:/h5ZAUhDkGaJfjzjKLSjv6zCL6O0LLBxU4K+aSYdM/U=
gopkg.in/check.v1 v0.0.0-20161208181325-20d25e280405 h1:yhCVgyC4o1eVCa2tZl7eS0r+SDo693bJlVdllGtEeKM=
gopkg.in/check.v1 v0.0.0-20161208181325-20d25e280405/go.mod h1:Co6ibVJAznAaIkqp8huTwlJQCZ016jof/cbN4VW5Yz0=
gopkg.in/fsnotify.v1 v1.4.7 h1:xOHLXZwVvI9hhs+cLKq5+I5onOuwQLhQwiu63xxlHs4=
gopkg.in/fsnotify.v1 v1.4.7/go.mod h1:Tz8NjZHkW78fSQdbUxIjBTcgA1z1m8ZHf0WmKUhAMys=
gopkg.in/gcfg.v1 v1.2.3 h1:m8OOJ4ccYHnx2f4gQwpno8nAX5OGOh7RLaaz0pj3Ogs=
gopkg.in/gcfg.v1 v1.2.3/go.mod h1:yesOnuUOFQAhST5vPY4nbZsb/huCgGGXlipJsBn0b3o=
gopkg.in/gemnasium/logrus-airbrake-hook.v2 v2.1.2 h1:OAj3g0cR6Dx/R07QgQe8wkA9RNjB2u4i700xBkIT4e0=
gopkg.in/gemnasium/logrus-airbrake-hook.v2 v2.1.2/go.mod h1:Xk6kEKp8OKb+X14hQBKWaSkCsqBpgog8nAV2xsGOxlo=
gopkg.in/mgo.v2 v2.0.0-20160818020120-3f83fa500528 h1:/saqWwm73dLmuzbNhe92F0QsZ/KiFND+esHco2v1hiY=
gopkg.in/mgo.v2 v2.0.0-20160818020120-3f83fa500528/go.mod h1:yeKp02qBN3iKW1OzL3MGk2IdtZzaj7SFntXj72NppTA=
gopkg.in/tomb.v1 v1.0.0-20141024135613-dd632973f1e7 h1:uRGJdciOHaEIrze2W8Q3AKkepLTh2hOroT7a+7czfdQ=
gopkg.in/tomb.v1 v1.0.0-20141024135613-dd632973f1e7/go.mod h1:dt/ZhP58zS4L8KSrWDmTeBkI65Dw0HsyUHuEVlX15mw=
gopkg.in/warnings.v0 v0.1.2 h1:wFXVbFY8DY5/xOe1ECiWdKCzZlxgshcYVNkBHstARME=
gopkg.in/warnings.v0 v0.1.2/go.mod h1:jksf8JmL6Qr/oQM2OXTHunEvvTAsrWBLb6OOjuVWRNI=
gopkg.in/yaml.v2 v2.2.1 h1:mUhvW9EsL+naU5Q3cakzfE91YhliOondGd6ZrsDBHQE=
gopkg.in/yaml.v2 v2.2.1/go.mod h1:hI93XBmqTisBFMUTm0b8Fm+jr3Dg1NNxqwp+5A1VGuI=
