# This file is autogenerated, do not edit; changes may be undone by the next 'dep ensure'.


[[projects]]
  digest = "1:0a111edd8693fd977f42a0c4f199a0efb13c20aec9da99ad8830c7bb6a87e8d6"
  name = "github.com/PuerkitoBio/purell"
  packages = ["."]
  pruneopts = "NUT"
  revision = "f619812e3caf603a8df60a7ec6f2654b703189ef"

[[projects]]
  branch = "master"
  digest = "1:8098cd40cd09879efbf12e33bcd51ead4a66006ac802cd563a66c4f3373b9727"
  name = "github.com/PuerkitoBio/urlesc"
  packages = ["."]
  pruneopts = "NUT"
  revision = "de5bf2ad457846296e2031421a34e2568e304e35"

[[projects]]
  digest = "1:d54b845e98684fc00de7bb3d8ce4353f76c7e4c841ecef84a034d86b7f731300"
  name = "github.com/asaskevich/govalidator"
  packages = ["."]
  pruneopts = "NUT"
  revision = "73945b6115bfbbcc57d89b7316e28109364124e1"
  version = "v7"

[[projects]]
  digest = "1:0c0dfc6cf4abe5dab1ed03118f6cff3ac7345317dce2f35b32fe820b0154f6a1"
  name = "github.com/go-check/check"
  packages = ["."]
  pruneopts = "NUT"
  revision = "20d25e2804050c1cd24a7eea1e7a6447dd0e74ec"

[[projects]]
  digest = "1:c1f5fa913b1ad05f30a2dc7bd2f96b74b889d7ccb3a03f353dc29092d6723028"
  name = "github.com/go-openapi/analysis"
  packages = ["."]
  pruneopts = "NUT"
  revision = "8ed83f2ea9f00f945516462951a288eaa68bf0d6"

[[projects]]
  digest = "1:7bd6d5dfea79ea7e39b34061ab9e8905302a998179dacaccd9ce684343eaf739"
  name = "github.com/go-openapi/errors"
  packages = ["."]
  pruneopts = "NUT"
  revision = "03cfca65330da08a5a440053faf994a3c682b5bf"

[[projects]]
  digest = "1:260f7ebefc63024c8dfe2c9f1a2935a89fa4213637a1f522f592f80c001cc441"
  name = "github.com/go-openapi/jsonpointer"
  packages = ["."]
  pruneopts = "NUT"
  revision = "779f45308c19820f1a69e9a4cd965f496e0da10f"

[[projects]]
  digest = "1:98abd61947ff5c7c6fcfec5473d02a4821ed3a2dd99a4fbfdb7925b0dd745546"
  name = "github.com/go-openapi/jsonreference"
  packages = ["."]
  pruneopts = "NUT"
  revision = "36d33bfe519efae5632669801b180bf1a245da3b"

[[projects]]
  digest = "1:e2fc1b9f1391d73bcf8b1592930ca9cfd8e2f2c78d98d303c3eab59afca760c3"
  name = "github.com/go-openapi/loads"
  packages = ["."]
  pruneopts = "NUT"
  revision = "a80dea3052f00e5f032e860dd7355cd0cc67e24d"

[[projects]]
  digest = "1:3c43a54d9e62e38f7df79f89f4fc368ac74d159e38b27437bfbd87f3b4b83655"
  name = "github.com/go-openapi/runtime"
  packages = ["."]
  pruneopts = "NUT"
  revision = "bf2ff8f7150788b1c7256abb0805ba0410cbbabb"

[[projects]]
  digest = "1:73f1a72bf25a5e23dd33bc426f9876daa9aeb5692a56133e04d784abfa7becef"
  name = "github.com/go-openapi/spec"
  packages = ["."]
  pruneopts = "NUT"
  revision = "3faa0055dbbf2110abc1f3b4e3adbb22721e96e7"

[[projects]]
  digest = "1:27e4e7579762c747b756545451d758fcf1686d44a7b9156cb9625851c04a422c"
  name = "github.com/go-openapi/strfmt"
  packages = ["."]
  pruneopts = "NUT"
  revision = "4dd3d302e100bae008baedc42d446ce83bdd10ad"

[[projects]]
  digest = "1:f79fc470a7d6df93d53ca2a431b6df84534ba5ccab4e451b008358655ec37b28"
  name = "github.com/go-openapi/swag"
  packages = ["."]
  pruneopts = "NUT"
  revision = "f3f9494671f93fcff853e3c6e9e948b3eb71e590"

[[projects]]
  digest = "1:691e3e72a50c0a6a4de2e06185d8575807520daa6a5728ef39e99a3655b80607"
  name = "github.com/go-openapi/validate"
  packages = ["."]
  pruneopts = "NUT"
  revision = "8a82927c942c94794a5cd8b8b50ce2f48a955c0c"

[[projects]]
  digest = "1:c01767916c59f084bb7c41a7d5877c0f3099b1595cfa066e84ec6ad6b084dd89"
  name = "github.com/gorilla/context"
  packages = ["."]
  pruneopts = "NUT"
  revision = "08b5f424b9271eedf6f9f0ce86cb9396ed337a42"
  version = "v1.1.1"

[[projects]]
  digest = "1:24dcd029929059793bf8cf36993727f121a0919a5d3f0cb65ec5342991a4e35a"
  name = "github.com/gorilla/mux"
  packages = ["."]
  pruneopts = "NUT"
  revision = "24fca303ac6da784b9e8269f724ddeb0b2eea5e7"
  version = "v1.5.0"

[[projects]]
  digest = "1:406338ad39ab2e37b7f4452906442a3dbf0eb3379dd1f06aafb5c07e769a5fbb"
  name = "github.com/inconshreveable/mousetrap"
  packages = ["."]
  pruneopts = "NUT"
  revision = "76626ae9c91c4f2a10f34cad8ce83ea42c93bb75"
  version = "v1.0"

[[projects]]
  digest = "1:cdbed6a7b574b13bbabcd8c36c5be56d6444789bab21fcd37d39655eab0b2141"
  name = "github.com/klauspost/compress"
  packages = [
    "flate",
    "gzip",
    "zlib",
  ]
  pruneopts = "NUT"
  revision = "b939724e787a27c0005cabe3f78e7ed7987ac74f"
  version = "v1.4.0"

[[projects]]
  digest = "1:f44ca3e400a23dc9cf76a09d71891da95193c0c7da2008205f8f20154f49b22d"
  name = "github.com/klauspost/cpuid"
  packages = ["."]
  pruneopts = "NUT"
  revision = "e7e905edc00ea8827e58662220139109efea09db"
  version = "v1.2.0"

[[projects]]
  digest = "1:a867990aee2ebc1ac86614ed702bf1e63061a79eac12d4326203cb9084b61839"
  name = "github.com/mailru/easyjson"
  packages = [
    "buffer",
    "jlexer",
    "jwriter",
  ]
  pruneopts = "NUT"
  revision = "2a92e673c9a6302dd05c3a691ae1f24aef46457d"

[[projects]]
  digest = "1:6a65dcd0d14fc0595ee982afc3c59deb5b769ca374455c80c649d92f8a152930"
  name = "github.com/mitchellh/mapstructure"
  packages = ["."]
  pruneopts = "NUT"
  revision = "d0303fe809921458f417bcf828397a65db30a7e4"

[[projects]]
  digest = "1:08d8e59fdc96262cf45d4171060eec88b20469969eaf95cd2746257907f4cf03"
  name = "github.com/pborman/uuid"
  packages = ["."]
  pruneopts = "NUT"
  revision = "c65b2f87fee37d1c7854c9164a450713c28d50cd"

[[projects]]
  digest = "1:5d6cc9ce6709f6aac53359b5305ccb623ef2838757c50e36411f7b56810825e1"
  name = "github.com/sirupsen/logrus"
  packages = ["."]
  pruneopts = "NUT"
  revision = "92052687f8ec598ff0da626d2909478cfd1e3a3c"

[[projects]]
  digest = "1:343d44e06621142ab09ae0c76c1799104cdfddd3ffb445d78b1adf8dc3ffaf3d"
  name = "github.com/spf13/cobra"
  packages = ["."]
  pruneopts = "NUT"
  revision = "7c4570c3ebeb8129a1f7456d0908a8b676b6f9f1"

[[projects]]
  digest = "1:8c05fbdaac9713aed2a89d171a8b4e98a563f6c84e48352d0bcb10b1a5122488"
  name = "github.com/spf13/pflag"
  packages = ["."]
  pruneopts = "NUT"
  revision = "3ebe029320b2676d667ae88da602a5f854788a8a"

[[projects]]
  digest = "1:af354641f23332b1a8d5d361d11b5a9171589e412a67d499633706c611acc064"
  name = "github.com/valyala/bytebufferpool"
  packages = ["."]
  pruneopts = "NUT"
  revision = "e746df99fe4a3986f4d4f79e13c1e0117ce9c2f7"
  version = "v1.0.0"

[[projects]]
  digest = "1:ace31bb92b6d34dd971e50c1be284e9af11de5c587791a4b8314020d30958dce"
  name = "github.com/valyala/fasthttp"
  packages = [
    ".",
    "fasthttputil",
    "stackless",
  ]
  pruneopts = "NUT"
  revision = "e5f51c11919d4f66400334047b897ef0a94c6f3c"
  version = "v20180529"

[[projects]]
  digest = "1:3f3a05ae0b95893d90b9b3b5afdb79a9b3d96e4e36e099d841ae602e4aca0da8"
  name = "golang.org/x/crypto"
  packages = ["ssh/terminal"]
  pruneopts = "NUT"
  revision = "a49355c7e3f8fe157a85be2f77e6e269a0f89602"

[[projects]]
  digest = "1:98b8debc8c0529bdbecf262301348ab3dddc9bb268667157f4ab8ccc4c072ac6"
  name = "golang.org/x/net"
  packages = [
    "context",
    "idna",
  ]
  pruneopts = "NUT"
  revision = "66aacef3dd8a676686c7ae3716979581e8b03c47"

[[projects]]
  digest = "1:d9a33f86651dc60a1c973f0f942cfae57ff556883574533f71d1a5814e92a935"
  name = "golang.org/x/sys"
  packages = [
    "unix",
    "windows",
  ]
  pruneopts = "NUT"
  revision = "d8f5ea21b9295e315e612b4bcf4bedea93454d4d"

[[projects]]
  digest = "1:1f975e18356170a33c0e8b7dda3d02bd28126463f0c024edc9b99b7eb9337c62"
  name = "golang.org/x/text"
  packages = [
    "internal/gen",
    "internal/triegen",
    "internal/ucd",
    "secure/bidirule",
    "transform",
    "unicode/bidi",
    "unicode/cldr",
    "unicode/norm",
    "unicode/rangetable",
    "width",
  ]
  pruneopts = "NUT"
  revision = "bd91bbf73e9a4a801adbfb97133c992678533126"

[[projects]]
  digest = "1:aebe32d1af029f012a9c605ff95051df68b8f744f5d1f4f1ac65162a03708938"
  name = "gopkg.in/gcfg.v1"
  packages = [
    ".",
    "scanner",
    "token",
    "types",
  ]
  pruneopts = "NUT"
  revision = "61b2c08bc8f6068f7c5ca684372f9a6cb1c45ebe"
  version = "v1.2.3"

[[projects]]
  digest = "1:9e8ac8aa4f4c5557ba0b03a55d407b07b7030ed552b437a9dc7e5ec90f16ab39"
  name = "gopkg.in/mgo.v2"
  packages = [
    "bson",
    "internal/json",
  ]
  pruneopts = "NUT"
  revision = "3f83fa5005286a7fe593b055f0d7771a7dce4655"

[[projects]]
  digest = "1:b233ad4ec87ac916e7bf5e678e98a2cb9e8b52f6de6ad3e11834fc7a71b8e3bf"
  name = "gopkg.in/warnings.v0"
  packages = ["."]
  pruneopts = "NUT"
  revision = "ec4a0fea49c7b46c2aeb0b51aac55779c607e52b"
  version = "v0.1.2"

[[projects]]
  digest = "1:7c95b35057a0ff2e19f707173cc1a947fa43a6eb5c4d300d196ece0334046082"
  name = "gopkg.in/yaml.v2"
  packages = ["."]
  pruneopts = "NUT"
  revision = "5420a8b6744d3b0345ab293f6fcba19c978f1183"
  version = "v2.2.1"

[solve-meta]
  analyzer-name = "dep"
  analyzer-version = 1
  input-imports = [
    "github.com/go-check/check",
    "github.com/go-openapi/errors",
    "github.com/go-openapi/strfmt",
    "github.com/go-openapi/swag",
    "github.com/go-openapi/validate",
    "github.com/gorilla/mux",
    "github.com/pborman/uuid",
    "github.com/sirupsen/logrus",
    "github.com/spf13/cobra",
    "github.com/spf13/pflag",
    "github.com/valyala/fasthttp",
    "gopkg.in/gcfg.v1",
    "gopkg.in/warnings.v0",
    "gopkg.in/yaml.v2",
  ]
  solver-name = "gps-cdcl"
  solver-version = 1
